<?xml version="1.0" encoding="utf-8"?>
<Project ToolsVersion="4.0" xmlns="http://schemas.microsoft.com/developer/msbuild/2003">
  <ItemGroup>
    <Filter Include="소스 파일">
      <UniqueIdentifier>{4FC737F1-C7A5-4376-A066-2A32D752A2FF}</UniqueIdentifier>
      <Extensions>cpp;c;cc;cxx;c++;cppm;ixx;def;odl;idl;hpj;bat;asm;asmx</Extensions>
    </Filter>
    <Filter Include="헤더 파일">
      <UniqueIdentifier>{93995380-89BD-4b04-88EB-625FBE52EBFB}</UniqueIdentifier>
      <Extensions>h;hh;hpp;hxx;h++;hm;inl;inc;ipp;xsd</Extensions>
    </Filter>
    <Filter Include="리소스 파일">
      <UniqueIdentifier>{67DA6AB6-F800-4c08-8B7A-83BB121AAD01}</UniqueIdentifier>
      <Extensions>rc;ico;cur;bmp;dlg;rc2;rct;bin;rgs;gif;jpg;jpeg;jpe;resx;tiff;tif;png;wav;mfcribbon-ms</Extensions>
    </Filter>
  </ItemGroup>
  <ItemGroup>
    <ClInclude Include="SearchCopy.h">
      <Filter>헤더 파일</Filter>
    </ClInclude>
    <ClInclude Include="SearchCopyDlg.h">
      <Filter>헤더 파일</Filter>
    </ClInclude>
    <ClInclude Include="framework.h">
      <Filter>헤더 파일</Filter>
    </ClInclude>
    <ClInclude Include="targetver.h">
      <Filter>헤더 파일</Filter>
    </ClInclude>
    <ClInclude Include="Resource.h">
      <Filter>헤더 파일</Filter>
    </ClInclude>
    <ClInclude Include="pch.h">
      <Filter>헤더 파일</Filter>
    </ClInclude>
    <ClInclude Include="CFileEx.h">
      <Filter>헤더 파일</Filter>
    </ClInclude>
    <ClInclude Include="CImageEx.h">
      <Filter>헤더 파일</Filter>
    </ClInclude>
    <ClInclude Include="ViewSpeed.h">
      <Filter>헤더 파일</Filter>
    </ClInclude>
    <ClInclude Include="Split.h">
      <Filter>헤더 파일</Filter>
    </ClInclude>
    <ClInclude Include="CWndObj.h">
      <Filter>헤더 파일</Filter>
    </ClInclude>
  </ItemGroup>
  <ItemGroup>
    <ClCompile Include="SearchCopy.cpp">
      <Filter>소스 파일</Filter>
    </ClCompile>
    <ClCompile Include="SearchCopyDlg.cpp">
      <Filter>소스 파일</Filter>
    </ClCompile>
    <ClCompile Include="pch.cpp">
      <Filter>소스 파일</Filter>
    </ClCompile>
    <ClCompile Include="CFileEx.cpp">
      <Filter>소스 파일</Filter>
    </ClCompile>
    <ClCompile Include="CImageEx.cpp">
      <Filter>소스 파일</Filter>
    </ClCompile>
    <ClCompile Include="ViewSpeed.cpp">
      <Filter>소스 파일</Filter>
    </ClCompile>
    <ClCompile Include="Split.cpp">
      <Filter>소스 파일</Filter>
    </ClCompile>
    <ClCompile Include="CWndObj.cpp">
      <Filter>소스 파일</Filter>
    </ClCompile>
  </ItemGroup>
  <ItemGroup>
    <ResourceCompile Include="SearchCopy.rc">
      <Filter>리소스 파일</Filter>
    </ResourceCompile>
  </ItemGroup>
  <ItemGroup>
    <None Include="res\SearchCopy.rc2">
      <Filter>리소스 파일</Filter>
    </None>
  </ItemGroup>
  <ItemGroup>
    <Image Include="res\SearchCopy.ico">
      <Filter>리소스 파일</Filter>
    </Image>
  </ItemGroup>
</Project>